# THIS IS AN AUTOGENERATED FILE. DO NOT EDIT THIS FILE DIRECTLY.
# yarn lockfile v1


"@types/node@>=8.1.0":
  version "14.11.10"
  resolved "https://registry.yarnpkg.com/@types/node/-/node-14.11.10.tgz#8c102aba13bf5253f35146affbf8b26275069bef"

qs@^6.6.0:
  version "6.9.4"
  resolved "https://registry.yarnpkg.com/qs/-/qs-6.9.4.tgz#9090b290d1f91728d3c22e54843ca44aea5ab687"

stripe@^8.114.0:
  version "8.114.0"
  resolved "https://registry.yarnpkg.com/stripe/-/stripe-8.114.0.tgz#cfdf6eb7faa1cfaa059cd8ee56d6ba5f9b152b7a"
  dependencies:
    "@types/node" ">=8.1.0"
    qs "^6.6.0"
